
Microsoft Visual Studio Solution File, Format Version 12.00
# Visual Studio Version 17
VisualStudioVersion = 17.2.32519.379
MinimumVisualStudioVersion = 10.0.40219.1
Project("{FAE04EC0-301F-11D3-BF4B-00C04F79EFBC}") = "Generatecharacterandmonster", "Generatecharacterandmonster.csproj", "{60B177AB-DFC9-4D7D-8DE2-9845B924ABEA}"
EndProject
Global
	GlobalSection(SolutionConfigurationPlatforms) = preSolution
		Debug|Any CPU = Debug|Any CPU
		Release|Any CPU = Release|Any CPU
	EndGlobalSection
	GlobalSection(ProjectConfigurationPlatforms) = postSolution
		{60B177AB-DFC9-4D7D-8DE2-9845B924ABEA}.Debug|Any CPU.ActiveCfg = Debug|Any CPU
		{60B177AB-DFC9-4D7D-8DE2-9845B924ABEA}.Debug|Any CPU.Build.0 = Debug|Any CPU
		{60B177AB-DFC9-4D7D-8DE2-9845B924ABEA}.Release|Any CPU.ActiveCfg = Release|Any CPU
		{60B177AB-DFC9-4D7D-8DE2-9845B924ABEA}.Release|Any CPU.Build.0 = Release|Any CPU
	EndGlobalSection
	GlobalSection(SolutionProperties) = preSolution
		HideSolutionNode = FALSE
	EndGlobalSection
	GlobalSection(ExtensibilityGlobals) = postSolution
		SolutionGuid = {0985C6B7-E151-4644-B412-AF749DDC73BC}
	EndGlobalSection
EndGlobal
