
Microsoft Visual Studio Solution File, Format Version 12.00
# Visual Studio Version 17
VisualStudioVersion = 17.2.32616.157
MinimumVisualStudioVersion = 10.0.40219.1
Project("{FAE04EC0-301F-11D3-BF4B-00C04F79EFBC}") = "algorithm design 2 mission 2", "algorithm design 2 mission 2.csproj", "{0FB3BDAF-482A-4A96-BE69-366D79D74C95}"
EndProject
Global
	GlobalSection(SolutionConfigurationPlatforms) = preSolution
		Debug|Any CPU = Debug|Any CPU
		Release|Any CPU = Release|Any CPU
	EndGlobalSection
	GlobalSection(ProjectConfigurationPlatforms) = postSolution
		{0FB3BDAF-482A-4A96-BE69-366D79D74C95}.Debug|Any CPU.ActiveCfg = Debug|Any CPU
		{0FB3BDAF-482A-4A96-BE69-366D79D74C95}.Debug|Any CPU.Build.0 = Debug|Any CPU
		{0FB3BDAF-482A-4A96-BE69-366D79D74C95}.Release|Any CPU.ActiveCfg = Release|Any CPU
		{0FB3BDAF-482A-4A96-BE69-366D79D74C95}.Release|Any CPU.Build.0 = Release|Any CPU
	EndGlobalSection
	GlobalSection(SolutionProperties) = preSolution
		HideSolutionNode = FALSE
	EndGlobalSection
	GlobalSection(ExtensibilityGlobals) = postSolution
		SolutionGuid = {974B1B02-2229-4B2A-907A-9FC917AF814F}
	EndGlobalSection
EndGlobal
