
﻿
Microsoft Visual Studio Solution File, Format Version 12.00
# Visual Studio Version 17
VisualStudioVersion = 17.2.32526.322
MinimumVisualStudioVersion = 10.0.40219.1
Project("{FAE04EC0-301F-11D3-BF4B-00C04F79EFBC}") = "Dictionaries", "Dictionaries.csproj", "{BFE6E3AD-A278-43CE-8307-AEECAD72606F}"
EndProject
Global
	GlobalSection(SolutionConfigurationPlatforms) = preSolution
		Debug|Any CPU = Debug|Any CPU
		Release|Any CPU = Release|Any CPU
	EndGlobalSection
	GlobalSection(ProjectConfigurationPlatforms) = postSolution
		{BFE6E3AD-A278-43CE-8307-AEECAD72606F}.Debug|Any CPU.ActiveCfg = Debug|Any CPU
		{BFE6E3AD-A278-43CE-8307-AEECAD72606F}.Debug|Any CPU.Build.0 = Debug|Any CPU
		{BFE6E3AD-A278-43CE-8307-AEECAD72606F}.Release|Any CPU.ActiveCfg = Release|Any CPU
		{BFE6E3AD-A278-43CE-8307-AEECAD72606F}.Release|Any CPU.Build.0 = Release|Any CPU
	EndGlobalSection
	GlobalSection(SolutionProperties) = preSolution
		HideSolutionNode = FALSE
	EndGlobalSection
	GlobalSection(ExtensibilityGlobals) = postSolution
		SolutionGuid = {0DD8E8DE-B2A1-46A7-9B21-26C3CC8ABE7A}
	EndGlobalSection
EndGlobal