
Microsoft Visual Studio Solution File, Format Version 12.00
# Visual Studio Version 17
VisualStudioVersion = 17.2.32526.322
MinimumVisualStudioVersion = 10.0.40219.1
Project("{FAE04EC0-301F-11D3-BF4B-00C04F79EFBC}") = "algorithm design 1", "algorithm design 1.csproj", "{8F004E9D-5871-4D56-9637-C01F7A32285C}"
EndProject
Global
	GlobalSection(SolutionConfigurationPlatforms) = preSolution
		Debug|Any CPU = Debug|Any CPU
		Release|Any CPU = Release|Any CPU
	EndGlobalSection
	GlobalSection(ProjectConfigurationPlatforms) = postSolution
		{8F004E9D-5871-4D56-9637-C01F7A32285C}.Debug|Any CPU.ActiveCfg = Debug|Any CPU
		{8F004E9D-5871-4D56-9637-C01F7A32285C}.Debug|Any CPU.Build.0 = Debug|Any CPU
		{8F004E9D-5871-4D56-9637-C01F7A32285C}.Release|Any CPU.ActiveCfg = Release|Any CPU
		{8F004E9D-5871-4D56-9637-C01F7A32285C}.Release|Any CPU.Build.0 = Release|Any CPU
	EndGlobalSection
	GlobalSection(SolutionProperties) = preSolution
		HideSolutionNode = FALSE
	EndGlobalSection
	GlobalSection(ExtensibilityGlobals) = postSolution
		SolutionGuid = {E0567B22-BE94-4994-A404-A862462B40FF}
	EndGlobalSection
EndGlobal
