
﻿
Microsoft Visual Studio Solution File, Format Version 12.00
# Visual Studio Version 17
VisualStudioVersion = 17.2.32616.157
MinimumVisualStudioVersion = 10.0.40219.1
Project("{FAE04EC0-301F-11D3-BF4B-00C04F79EFBC}") = "Dictionaries 3 boss level", "Dictionaries 3 boss level.csproj", "{A4A11D0C-8574-4A34-9E55-FAA4AA5C51FC}"
EndProject
Global
	GlobalSection(SolutionConfigurationPlatforms) = preSolution
		Debug|Any CPU = Debug|Any CPU
		Release|Any CPU = Release|Any CPU
	EndGlobalSection
	GlobalSection(ProjectConfigurationPlatforms) = postSolution
		{A4A11D0C-8574-4A34-9E55-FAA4AA5C51FC}.Debug|Any CPU.ActiveCfg = Debug|Any CPU
		{A4A11D0C-8574-4A34-9E55-FAA4AA5C51FC}.Debug|Any CPU.Build.0 = Debug|Any CPU
		{A4A11D0C-8574-4A34-9E55-FAA4AA5C51FC}.Release|Any CPU.ActiveCfg = Release|Any CPU
		{A4A11D0C-8574-4A34-9E55-FAA4AA5C51FC}.Release|Any CPU.Build.0 = Release|Any CPU
	EndGlobalSection
	GlobalSection(SolutionProperties) = preSolution
		HideSolutionNode = FALSE
	EndGlobalSection
	GlobalSection(ExtensibilityGlobals) = postSolution
		SolutionGuid = {3D5A4E44-4578-46D3-A919-1A6552927A80}
	EndGlobalSection
EndGlobal