
Microsoft Visual Studio Solution File, Format Version 12.00
# Visual Studio Version 17
VisualStudioVersion = 17.2.32616.157
MinimumVisualStudioVersion = 10.0.40219.1
Project("{FAE04EC0-301F-11D3-BF4B-00C04F79EFBC}") = "algorithm design 2 mission 1", "algorithm design 2 mission 1.csproj", "{524DF01B-60EE-4CD1-B456-F99A09E67A19}"
EndProject
Global
	GlobalSection(SolutionConfigurationPlatforms) = preSolution
		Debug|Any CPU = Debug|Any CPU
		Release|Any CPU = Release|Any CPU
	EndGlobalSection
	GlobalSection(ProjectConfigurationPlatforms) = postSolution
		{524DF01B-60EE-4CD1-B456-F99A09E67A19}.Debug|Any CPU.ActiveCfg = Debug|Any CPU
		{524DF01B-60EE-4CD1-B456-F99A09E67A19}.Debug|Any CPU.Build.0 = Debug|Any CPU
		{524DF01B-60EE-4CD1-B456-F99A09E67A19}.Release|Any CPU.ActiveCfg = Release|Any CPU
		{524DF01B-60EE-4CD1-B456-F99A09E67A19}.Release|Any CPU.Build.0 = Release|Any CPU
	EndGlobalSection
	GlobalSection(SolutionProperties) = preSolution
		HideSolutionNode = FALSE
	EndGlobalSection
	GlobalSection(ExtensibilityGlobals) = postSolution
		SolutionGuid = {23178DD3-A5FA-4EA8-8E7D-903C234CAB81}
	EndGlobalSection
EndGlobal
