
Microsoft Visual Studio Solution File, Format Version 12.00
# Visual Studio Version 17
VisualStudioVersion = 17.2.32616.157
MinimumVisualStudioVersion = 10.0.40219.1
Project("{FAE04EC0-301F-11D3-BF4B-00C04F79EFBC}") = "algorithm design 7 - 1", "algorithm design 7 - 1.csproj", "{118EB696-8F8F-43F0-9028-EB6E5CFC82EB}"
EndProject
Global
	GlobalSection(SolutionConfigurationPlatforms) = preSolution
		Debug|Any CPU = Debug|Any CPU
		Release|Any CPU = Release|Any CPU
	EndGlobalSection
	GlobalSection(ProjectConfigurationPlatforms) = postSolution
		{118EB696-8F8F-43F0-9028-EB6E5CFC82EB}.Debug|Any CPU.ActiveCfg = Debug|Any CPU
		{118EB696-8F8F-43F0-9028-EB6E5CFC82EB}.Debug|Any CPU.Build.0 = Debug|Any CPU
		{118EB696-8F8F-43F0-9028-EB6E5CFC82EB}.Release|Any CPU.ActiveCfg = Release|Any CPU
		{118EB696-8F8F-43F0-9028-EB6E5CFC82EB}.Release|Any CPU.Build.0 = Release|Any CPU
	EndGlobalSection
	GlobalSection(SolutionProperties) = preSolution
		HideSolutionNode = FALSE
	EndGlobalSection
	GlobalSection(ExtensibilityGlobals) = postSolution
		SolutionGuid = {162E20D7-6CE6-446F-8715-EB5120A97459}
	EndGlobalSection
EndGlobal
