
﻿
Microsoft Visual Studio Solution File, Format Version 12.00
# Visual Studio Version 17
VisualStudioVersion = 17.2.32519.379
MinimumVisualStudioVersion = 10.0.40219.1
Project("{FAE04EC0-301F-11D3-BF4B-00C04F79EFBC}") = "Roll to six", "Roll to six.csproj", "{96B62F56-E074-4F43-8331-E0F76AAF3DCB}"
EndProject
Global
	GlobalSection(SolutionConfigurationPlatforms) = preSolution
		Debug|Any CPU = Debug|Any CPU
		Release|Any CPU = Release|Any CPU
	EndGlobalSection
	GlobalSection(ProjectConfigurationPlatforms) = postSolution
		{96B62F56-E074-4F43-8331-E0F76AAF3DCB}.Debug|Any CPU.ActiveCfg = Debug|Any CPU
		{96B62F56-E074-4F43-8331-E0F76AAF3DCB}.Debug|Any CPU.Build.0 = Debug|Any CPU
		{96B62F56-E074-4F43-8331-E0F76AAF3DCB}.Release|Any CPU.ActiveCfg = Release|Any CPU
		{96B62F56-E074-4F43-8331-E0F76AAF3DCB}.Release|Any CPU.Build.0 = Release|Any CPU
	EndGlobalSection
	GlobalSection(SolutionProperties) = preSolution
		HideSolutionNode = FALSE
	EndGlobalSection
	GlobalSection(ExtensibilityGlobals) = postSolution
		SolutionGuid = {921D98ED-525A-4214-A2EF-2F4751290A45}
	EndGlobalSection
EndGlobal