
Microsoft Visual Studio Solution File, Format Version 12.00
# Visual Studio Version 17
VisualStudioVersion = 17.2.32519.379
MinimumVisualStudioVersion = 10.0.40219.1
Project("{FAE04EC0-301F-11D3-BF4B-00C04F79EFBC}") = "Bowling frame", "Bowling frame.csproj", "{468CE47F-60B8-4837-B90A-4065EC31E851}"
EndProject
Global
	GlobalSection(SolutionConfigurationPlatforms) = preSolution
		Debug|Any CPU = Debug|Any CPU
		Release|Any CPU = Release|Any CPU
	EndGlobalSection
	GlobalSection(ProjectConfigurationPlatforms) = postSolution
		{468CE47F-60B8-4837-B90A-4065EC31E851}.Debug|Any CPU.ActiveCfg = Debug|Any CPU
		{468CE47F-60B8-4837-B90A-4065EC31E851}.Debug|Any CPU.Build.0 = Debug|Any CPU
		{468CE47F-60B8-4837-B90A-4065EC31E851}.Release|Any CPU.ActiveCfg = Release|Any CPU
		{468CE47F-60B8-4837-B90A-4065EC31E851}.Release|Any CPU.Build.0 = Release|Any CPU
	EndGlobalSection
	GlobalSection(SolutionProperties) = preSolution
		HideSolutionNode = FALSE
	EndGlobalSection
	GlobalSection(ExtensibilityGlobals) = postSolution
		SolutionGuid = {7AC01414-F71F-4F72-A56D-A98053C64216}
	EndGlobalSection
EndGlobal
