
﻿
Microsoft Visual Studio Solution File, Format Version 12.00
# Visual Studio Version 17
VisualStudioVersion = 17.2.32616.157
MinimumVisualStudioVersion = 10.0.40219.1
Project("{FAE04EC0-301F-11D3-BF4B-00C04F79EFBC}") = "algorithm design 1 mission 4", "algorithm design 1 mission 4.csproj", "{C4A1D272-EC34-4743-BCDE-99C67ED9B3D8}"
EndProject
Global
	GlobalSection(SolutionConfigurationPlatforms) = preSolution
		Debug|Any CPU = Debug|Any CPU
		Release|Any CPU = Release|Any CPU
	EndGlobalSection
	GlobalSection(ProjectConfigurationPlatforms) = postSolution
		{C4A1D272-EC34-4743-BCDE-99C67ED9B3D8}.Debug|Any CPU.ActiveCfg = Debug|Any CPU
		{C4A1D272-EC34-4743-BCDE-99C67ED9B3D8}.Debug|Any CPU.Build.0 = Debug|Any CPU
		{C4A1D272-EC34-4743-BCDE-99C67ED9B3D8}.Release|Any CPU.ActiveCfg = Release|Any CPU
		{C4A1D272-EC34-4743-BCDE-99C67ED9B3D8}.Release|Any CPU.Build.0 = Release|Any CPU
	EndGlobalSection
	GlobalSection(SolutionProperties) = preSolution
		HideSolutionNode = FALSE
	EndGlobalSection
	GlobalSection(ExtensibilityGlobals) = postSolution
		SolutionGuid = {3B3A064D-4FC4-4598-BB42-BA77170C74D6}
	EndGlobalSection
EndGlobal