
Microsoft Visual Studio Solution File, Format Version 12.00
# Visual Studio Version 17
VisualStudioVersion = 17.2.32526.322
MinimumVisualStudioVersion = 10.0.40219.1
Project("{FAE04EC0-301F-11D3-BF4B-00C04F79EFBC}") = "BattleWithBasilisk", "BattleWithBasilisk.csproj", "{2458C5E5-01FB-4789-A9EE-E7AAF361430A}"
EndProject
Global
	GlobalSection(SolutionConfigurationPlatforms) = preSolution
		Debug|Any CPU = Debug|Any CPU
		Release|Any CPU = Release|Any CPU
	EndGlobalSection
	GlobalSection(ProjectConfigurationPlatforms) = postSolution
		{2458C5E5-01FB-4789-A9EE-E7AAF361430A}.Debug|Any CPU.ActiveCfg = Debug|Any CPU
		{2458C5E5-01FB-4789-A9EE-E7AAF361430A}.Debug|Any CPU.Build.0 = Debug|Any CPU
		{2458C5E5-01FB-4789-A9EE-E7AAF361430A}.Release|Any CPU.ActiveCfg = Release|Any CPU
		{2458C5E5-01FB-4789-A9EE-E7AAF361430A}.Release|Any CPU.Build.0 = Release|Any CPU
	EndGlobalSection
	GlobalSection(SolutionProperties) = preSolution
		HideSolutionNode = FALSE
	EndGlobalSection
	GlobalSection(ExtensibilityGlobals) = postSolution
		SolutionGuid = {BE0891C5-C0B1-41CA-AD5D-C223AEE256F7}
	EndGlobalSection
EndGlobal
