
Microsoft Visual Studio Solution File, Format Version 12.00
# Visual Studio Version 17
VisualStudioVersion = 17.2.32616.157
MinimumVisualStudioVersion = 10.0.40219.1
Project("{FAE04EC0-301F-11D3-BF4B-00C04F79EFBC}") = "Algorithm design 7 bonus mission", "Algorithm design 7 bonus mission.csproj", "{5C3D5E18-EA88-4D5B-B693-81E27209A501}"
EndProject
Global
	GlobalSection(SolutionConfigurationPlatforms) = preSolution
		Debug|Any CPU = Debug|Any CPU
		Release|Any CPU = Release|Any CPU
	EndGlobalSection
	GlobalSection(ProjectConfigurationPlatforms) = postSolution
		{5C3D5E18-EA88-4D5B-B693-81E27209A501}.Debug|Any CPU.ActiveCfg = Debug|Any CPU
		{5C3D5E18-EA88-4D5B-B693-81E27209A501}.Debug|Any CPU.Build.0 = Debug|Any CPU
		{5C3D5E18-EA88-4D5B-B693-81E27209A501}.Release|Any CPU.ActiveCfg = Release|Any CPU
		{5C3D5E18-EA88-4D5B-B693-81E27209A501}.Release|Any CPU.Build.0 = Release|Any CPU
	EndGlobalSection
	GlobalSection(SolutionProperties) = preSolution
		HideSolutionNode = FALSE
	EndGlobalSection
	GlobalSection(ExtensibilityGlobals) = postSolution
		SolutionGuid = {327A6513-BD30-43CE-BBA1-974076CE4E38}
	EndGlobalSection
EndGlobal
