
Microsoft Visual Studio Solution File, Format Version 12.00
# Visual Studio Version 17
VisualStudioVersion = 17.2.32616.157
MinimumVisualStudioVersion = 10.0.40219.1
Project("{FAE04EC0-301F-11D3-BF4B-00C04F79EFBC}") = "fundamentals switch", "fundamentals switch.csproj", "{1B54F857-1707-42F2-ABAC-FE37E9BEFAF7}"
EndProjec